// !$*UTF8*$!
{
	archiveVersion = 1;
	classes = {
	};
	objectVersion = 56;
	objects = {

/* Begin PBXBuildFile section */
		EA0FCE9E294074D900C577F2 /* AppDelegate.swift in Sources */ = {isa = PBXBuildFile; fileRef = EA0FCE9D294074D900C577F2 /* AppDelegate.swift */; };
		EA0FCEA0294074D900C577F2 /* SceneDelegate.swift in Sources */ = {isa = PBXBuildFile; fileRef = EA0FCE9F294074D900C577F2 /* SceneDelegate.swift */; };
		EA0FCEA2294074D900C577F2 /* ViewController.swift in Sources */ = {isa = PBXBuildFile; fileRef = EA0FCEA1294074D900C577F2 /* ViewController.swift */; };
		EA0FCEA5294074D900C577F2 /* Main.storyboard in Resources */ = {isa = PBXBuildFile; fileRef = EA0FCEA3294074D900C577F2 /* Main.storyboard */; };
		EA0FCEA7294074DA00C577F2 /* Assets.xcassets in Resources */ = {isa = PBXBuildFile; fileRef = EA0FCEA6294074DA00C577F2 /* Assets.xcassets */; };
		EA0FCEAA294074DA00C577F2 /* LaunchScreen.storyboard in Resources */ = {isa = PBXBuildFile; fileRef = EA0FCEA8294074DA00C577F2 /* LaunchScreen.storyboard */; };
		EA0FCEB3294077C200C577F2 /* NetworkManager.swift in Sources */ = {isa = PBXBuildFile; fileRef = EA0FCEB2294077C200C577F2 /* NetworkManager.swift */; };
		EA0FCEB62940781000C577F2 /* Alamofire in Frameworks */ = {isa = PBXBuildFile; productRef = EA0FCEB52940781000C577F2 /* Alamofire */; };
		EA0FCEB92940783100C577F2 /* SwiftyJSON in Frameworks */ = {isa = PBXBuildFile; productRef = EA0FCEB82940783100C577F2 /* SwiftyJSON */; };
/* End PBXBuildFile section */

/* Begin PBXFileReference section */
		EA0FCE9A294074D900C577F2 /* app-logist-code-test.app */ = {isa = PBXFileReference; explicitFileType = wrapper.application; includeInIndex = 0; path = "app-logist-code-test.app"; sourceTree = BUILT_PRODUCTS_DIR; };
		EA0FCE9D294074D900C577F2 /* AppDelegate.swift */ = {isa = PBXFileReference; lastKnownFileType = sourcecode.swift; path = AppDelegate.swift; sourceTree = "<group>"; };
		EA0FCE9F294074D900C577F2 /* SceneDelegate.swift */ = {isa = PBXFileReference; lastKnownFileType = sourcecode.swift; path = SceneDelegate.swift; sourceTree = "<group>"; };
		EA0FCEA1294074D900C577F2 /* ViewController.swift */ = {isa = PBXFileReference; lastKnownFileType = sourcecode.swift; path = ViewController.swift; sourceTree = "<group>"; };
		EA0FCEA4294074D900C577F2 /* Base */ = {isa = PBXFileReference; lastKnownFileType = file.storyboard; name = Base; path = Base.lproj/Main.storyboard; sourceTree = "<group>"; };
		EA0FCEA6294074DA00C577F2 /* Assets.xcassets */ = {isa = PBXFileReference; lastKnownFileType = folder.assetcatalog; path = Assets.xcassets; sourceTree = "<group>"; };
		EA0FCEA9294074DA00C577F2 /* Base */ = {isa = PBXFileReference; lastKnownFileType = file.storyboard; name = Base; path = Base.lproj/LaunchScreen.storyboard; sourceTree = "<group>"; };
		EA0FCEAB294074DA00C577F2 /* Info.plist */ = {isa = PBXFileReference; lastKnownFileType = text.plist.xml; path = Info.plist; sourceTree = "<group>"; };
		EA0FCEB2294077C200C577F2 /* NetworkManager.swift */ = {isa = PBXFileReference; lastKnownFileType = sourcecode.swift; path = NetworkManager.swift; sourceTree = "<group>"; };
/* End PBXFileReference section */

/* Begin PBXFrameworksBuildPhase section */
		EA0FCE97294074D900C577F2 /* Frameworks */ = {
			isa = PBXFrameworksBuildPhase;
			buildActionMask = 2147483647;
			files = (
				EA0FCEB92940783100C577F2 /* SwiftyJSON in Frameworks */,
				EA0FCEB62940781000C577F2 /* Alamofire in Frameworks */,
			);
			runOnlyForDeploymentPostprocessing = 0;
		};
/* End PBXFrameworksBuildPhase section */

/* Begin PBXGroup section */
		EA0FCE91294074D900C577F2 = {
			isa = PBXGroup;
			children = (
				EA0FCE9C294074D900C577F2 /* app-logist-code-test */,
				EA0FCE9B294074D900C577F2 /* Products */,
			);
			sourceTree = "<group>";
		};
		EA0FCE9B294074D900C577F2 /* Products */ = {
			isa = PBXGroup;
			children = (
				EA0FCE9A294074D900C577F2 /* app-logist-code-test.app */,
			);
			name = Products;
			sourceTree = "<group>";
		};
		EA0FCE9C294074D900C577F2 /* app-logist-code-test */ = {
			isa = PBXGroup;
			children = (
				EA0FCEB1294077B400C577F2 /* Service */,
				EA0FCE9D294074D900C577F2 /* AppDelegate.swift */,
				EA0FCE9F294074D900C577F2 /* SceneDelegate.swift */,
				EA0FCEA1294074D900C577F2 /* ViewController.swift */,
				EA0FCEA3294074D900C577F2 /* Main.storyboard */,
				EA0FCEA6294074DA00C577F2 /* Assets.xcassets */,
				EA0FCEA8294074DA00C577F2 /* LaunchScreen.storyboard */,
				EA0FCEAB294074DA00C577F2 /* Info.plist */,
			);
			path = "app-logist-code-test";
			sourceTree = "<group>";
		};
		EA0FCEB1294077B400C577F2 /* Service */ = {
			isa = PBXGroup;
			children = (
				EA0FCEB2294077C200C577F2 /* NetworkManager.swift */,
			);
			path = Service;
			sourceTree = "<group>";
		};
/* End PBXGroup section */

/* Begin PBXNativeTarget section */
		EA0FCE99294074D900C577F2 /* app-logist-code-test */ = {
			isa = PBXNativeTarget;
			buildConfigurationList = EA0FCEAE294074DA00C577F2 /* Build configuration list for PBXNativeTarget "app-logist-code-test" */;
			buildPhases = (
				EA0FCE96294074D900C577F2 /* Sources */,
				EA0FCE97294074D900C577F2 /* Frameworks */,
				EA0FCE98294074D900C577F2 /* Resources */,
			);
			buildRules = (
			);
			dependencies = (
			);
			name = "app-logist-code-test";
			packageProductDependencies = (
				EA0FCEB52940781000C577F2 /* Alamofire */,
				EA0FCEB82940783100C577F2 /* SwiftyJSON */,
			);
			productName = "app-logist-code-test";
			productReference = EA0FCE9A294074D900C577F2 /* app-logist-code-test.app */;
			productType = "com.apple.product-type.application";
		};
/* End PBXNativeTarget section */

/* Begin PBXProject section */
		EA0FCE92294074D900C577F2 /* Project object */ = {
			isa = PBXProject;
			attributes = {
				BuildIndependentTargetsInParallel = 1;
				LastSwiftUpdateCheck = 1410;
				LastUpgradeCheck = 1410;
				TargetAttributes = {
					EA0FCE99294074D900C577F2 = {
						CreatedOnToolsVersion = 14.1;
					};
				};
			};
			buildConfigurationList = EA0FCE95294074D900C577F2 /* Build configuration list for PBXProject "app-logist-code-test" */;
			compatibilityVersion = "Xcode 14.0";
			developmentRegion = en;
			hasScannedForEncodings = 0;
			knownRegions = (
				en,
				Base,
			);
			mainGroup = EA0FCE91294074D900C577F2;
			packageReferences = (
				EA0FCEB42940781000C577F2 /* XCRemoteSwiftPackageReference "Alamofire" */,
				EA0FCEB72940783100C577F2 /* XCRemoteSwiftPackageReference "SwiftyJSON" */,
			);
			productRefGroup = EA0FCE9B294074D900C577F2 /* Products */;
			projectDirPath = "";
			projectRoot = "";
			targets = (
				EA0FCE99294074D900C577F2 /* app-logist-code-test */,
			);
		};
/* End PBXProject section */

/* Begin PBXResourcesBuildPhase section */
		EA0FCE98294074D900C577F2 /* Resources */ = {
			isa = PBXResourcesBuildPhase;
			buildActionMask = 2147483647;
			files = (
				EA0FCEAA294074DA00C577F2 /* LaunchScreen.storyboard in Resources */,
				EA0FCEA7294074DA00C577F2 /* Assets.xcassets in Resources */,
				EA0FCEA5294074D900C577F2 /* Main.storyboard in Resources */,
			);
			runOnlyForDeploymentPostprocessing = 0;
		};
/* End PBXResourcesBuildPhase section */

/* Begin PBXSourcesBuildPhase section */
		EA0FCE96294074D900C577F2 /* Sources */ = {
			isa = PBXSourcesBuildPhase;
			buildActionMask = 2147483647;
			files = (
				EA0FCEB3294077C200C577F2 /* NetworkManager.swift in Sources */,
				EA0FCEA2294074D900C577F2 /* ViewController.swift in Sources */,
				EA0FCE9E294074D900C577F2 /* AppDelegate.swift in Sources */,
				EA0FCEA0294074D900C577F2 /* SceneDelegate.swift in Sources */,
			);
			runOnlyForDeploymentPostprocessing = 0;
		};
/* End PBXSourcesBuildPhase section */

/* Begin PBXVariantGroup section */
		EA0FCEA3294074D900C577F2 /* Main.storyboard */ = {
			isa = PBXVariantGroup;
			children = (
				EA0FCEA4294074D900C577F2 /* Base */,
			);
			name = Main.storyboard;
			sourceTree = "<group>";
		};
		EA0FCEA8294074DA00C577F2 /* LaunchScreen.storyboard */ = {
			isa = PBXVariantGroup;
			children = (
				EA0FCEA9294074DA00C577F2 /* Base */,
			);
			name = LaunchScreen.storyboard;
			sourceTree = "<group>";
		};
/* End PBXVariantGroup section */

/* Begin XCBuildConfiguration section */
		EA0FCEAC294074DA00C577F2 /* Debug */ = {
			isa = XCBuildConfiguration;
			buildSettings = {
				ALWAYS_SEARCH_USER_PATHS = NO;
				CLANG_ANALYZER_NONNULL = YES;
				CLANG_ANALYZER_NUMBER_OBJECT_CONVERSION = YES_AGGRESSIVE;
				CLANG_CXX_LANGUAGE_STANDARD = "gnu++20";
				CLANG_ENABLE_MODULES = YES;
				CLANG_ENABLE_OBJC_ARC = YES;
				CLANG_ENABLE_OBJC_WEAK = YES;
				CLANG_WARN_BLOCK_CAPTURE_AUTORELEASING = YES;
				CLANG_WARN_BOOL_CONVERSION = YES;
				CLANG_WARN_COMMA = YES;
				CLANG_WARN_CONSTANT_CONVERSION = YES;
				CLANG_WARN_DEPRECATED_OBJC_IMPLEMENTATIONS = YES;
				CLANG_WARN_DIRECT_OBJC_ISA_USAGE = YES_ERROR;
				CLANG_WARN_DOCUMENTATION_COMMENTS = YES;
				CLANG_WARN_EMPTY_BODY = YES;
				CLANG_WARN_ENUM_CONVERSION = YES;
				CLANG_WARN_INFINITE_RECURSION = YES;
				CLANG_WARN_INT_CONVERSION = YES;
				CLANG_WARN_NON_LITERAL_NULL_CONVERSION = YES;
				CLANG_WARN_OBJC_IMPLICIT_RETAIN_SELF = YES;
				CLANG_WARN_OBJC_LITERAL_CONVERSION = YES;
				CLANG_WARN_OBJC_ROOT_CLASS = YES_ERROR;
				CLANG_WARN_QUOTED_INCLUDE_IN_FRAMEWORK_HEADER = YES;
				CLANG_WARN_RANGE_LOOP_ANALYSIS = YES;
				CLANG_WARN_STRICT_PROTOTYPES = YES;
				CLANG_WARN_SUSPICIOUS_MOVE = YES;
				CLANG_WARN_UNGUARDED_AVAILABILITY = YES_AGGRESSIVE;
				CLANG_WARN_UNREACHABLE_CODE = YES;
				CLANG_WARN__DUPLICATE_METHOD_MATCH = YES;
				COPY_PHASE_STRIP = NO;
				DEBUG_INFORMATION_FORMAT = dwarf;
				ENABLE_STRICT_OBJC_MSGSEND = YES;
				ENABLE_TESTABILITY = YES;
				GCC_C_LANGUAGE_STANDARD = gnu11;
				GCC_DYNAMIC_NO_PIC = NO;
				GCC_NO_COMMON_BLOCKS = YES;
				GCC_OPTIMIZATION_LEVEL = 0;
				GCC_PREPROCESSOR_DEFINITIONS = (
					"DEBUG=1",
					"$(inherited)",
				);
				GCC_WARN_64_TO_32_BIT_CONVERSION = YES;
				GCC_WARN_ABOUT_RETURN_TYPE = YES_ERROR;
				GCC_WARN_UNDECLARED_SELECTOR = YES;
				GCC_WARN_UNINITIALIZED_AUTOS = YES_AGGRESSIVE;
				GCC_WARN_UNUSED_FUNCTION = YES;
				GCC_WARN_UNUSED_VARIABLE = YES;
				IPHONEOS_DEPLOYMENT_TARGET = 16.1;
				MTL_ENABLE_DEBUG_INFO = INCLUDE_SOURCE;
				MTL_FAST_MATH = YES;
				ONLY_ACTIVE_ARCH = YES;
				SDKROOT = iphoneos;
				SWIFT_ACTIVE_COMPILATION_CONDITIONS = DEBUG;
				SWIFT_OPTIMIZATION_LEVEL = "-Onone";
			};
			name = Debug;
		};
		EA0FCEAD294074DA00C577F2 /* Release */ = {
			isa = XCBuildConfiguration;
			buildSettings = {
				ALWAYS_SEARCH_USER_PATHS = NO;
				CLANG_ANALYZER_NONNULL = YES;
				CLANG_ANALYZER_NUMBER_OBJECT_CONVERSION = YES_AGGRESSIVE;
				CLANG_CXX_LANGUAGE_STANDARD = "gnu++20";
				CLANG_ENABLE_MODULES = YES;
				CLANG_ENABLE_OBJC_ARC = YES;
				CLANG_ENABLE_OBJC_WEAK = YES;
				CLANG_WARN_BLOCK_CAPTURE_AUTORELEASING = YES;
				CLANG_WARN_BOOL_CONVERSION = YES;
				CLANG_WARN_COMMA = YES;
				CLANG_WARN_CONSTANT_CONVERSION = YES;
				CLANG_WARN_DEPRECATED_OBJC_IMPLEMENTATIONS = YES;
				CLANG_WARN_DIRECT_OBJC_ISA_USAGE = YES_ERROR;
				CLANG_WARN_DOCUMENTATION_COMMENTS = YES;
				CLANG_WARN_EMPTY_BODY = YES;
				CLANG_WARN_ENUM_CONVERSION = YES;
				CLANG_WARN_INFINITE_RECURSION = YES;
				CLANG_WARN_INT_CONVERSION = YES;
				CLANG_WARN_NON_LITERAL_NULL_CONVERSION = YES;
				CLANG_WARN_OBJC_IMPLICIT_RETAIN_SELF = YES;
				CLANG_WARN_OBJC_LITERAL_CONVERSION = YES;
				CLANG_WARN_OBJC_ROOT_CLASS = YES_ERROR;
				CLANG_WARN_QUOTED_INCLUDE_IN_FRAMEWORK_HEADER = YES;
				CLANG_WARN_RANGE_LOOP_ANALYSIS = YES;
				CLANG_WARN_STRICT_PROTOTYPES = YES;
				CLANG_WARN_SUSPICIOUS_MOVE = YES;
				CLANG_WARN_UNGUARDED_AVAILABILITY = YES_AGGRESSIVE;
				CLANG_WARN_UNREACHABLE_CODE = YES;
				CLANG_WARN__DUPLICATE_METHOD_MATCH = YES;
				COPY_PHASE_STRIP = NO;
				DEBUG_INFORMATION_FORMAT = "dwarf-with-dsym";
				ENABLE_NS_ASSERTIONS = NO;
				ENABLE_STRICT_OBJC_MSGSEND = YES;
				GCC_C_LANGUAGE_STANDARD = gnu11;
				GCC_NO_COMMON_BLOCKS = YES;
				GCC_WARN_64_TO_32_BIT_CONVERSION = YES;
				GCC_WARN_ABOUT_RETURN_TYPE = YES_ERROR;
				GCC_WARN_UNDECLARED_SELECTOR = YES;
				GCC_WARN_UNINITIALIZED_AUTOS = YES_AGGRESSIVE;
				GCC_WARN_UNUSED_FUNCTION = YES;
				GCC_WARN_UNUSED_VARIABLE = YES;
				IPHONEOS_DEPLOYMENT_TARGET = 16.1;
				MTL_ENABLE_DEBUG_INFO = NO;
				MTL_FAST_MATH = YES;
				SDKROOT = iphoneos;
				SWIFT_COMPILATION_MODE = wholemodule;
				SWIFT_OPTIMIZATION_LEVEL = "-O";
				VALIDATE_PRODUCT = YES;
			};
			name = Release;
		};
		EA0FCEAF294074DA00C577F2 /* Debug */ = {
			isa = XCBuildConfiguration;
			buildSettings = {
				ASSETCATALOG_COMPILER_APPICON_NAME = AppIcon;
				ASSETCATALOG_COMPILER_GLOBAL_ACCENT_COLOR_NAME = AccentColor;
				CODE_SIGN_STYLE = Automatic;
				CURRENT_PROJECT_VERSION = 1;
				DEVELOPMENT_TEAM = Y88WDVRUP6;
				GENERATE_INFOPLIST_FILE = YES;
				INFOPLIST_FILE = "app-logist-code-test/Info.plist";
				INFOPLIST_KEY_UIApplicationSupportsIndirectInputEvents = YES;
				INFOPLIST_KEY_UILaunchStoryboardName = LaunchScreen;
				INFOPLIST_KEY_UIMainStoryboardFile = Main;
				INFOPLIST_KEY_UISupportedInterfaceOrientations_iPad = "UIInterfaceOrientationPortrait UIInterfaceOrientationPortraitUpsideDown UIInterfaceOrientationLandscapeLeft UIInterfaceOrientationLandscapeRight";
				INFOPLIST_KEY_UISupportedInterfaceOrientations_iPhone = "UIInterfaceOrientationPortrait UIInterfaceOrientationLandscapeLeft UIInterfaceOrientationLandscapeRight";
				LD_RUNPATH_SEARCH_PATHS = (
					"$(inherited)",
					"@executable_path/Frameworks",
				);
				MARKETING_VERSION = 1.0;
				PRODUCT_BUNDLE_IDENTIFIER = "com.eyc.app-logist-code-test";
				PRODUCT_NAME = "$(TARGET_NAME)";
				SWIFT_EMIT_LOC_STRINGS = YES;
				SWIFT_VERSION = 5.0;
				TARGETED_DEVICE_FAMILY = "1,2";
			};
			name = Debug;
		};
		EA0FCEB0294074DA00C577F2 /* Release */ = {
			isa = XCBuildConfiguration;
			buildSettings = {
				ASSETCATALOG_COMPILER_APPICON_NAME = AppIcon;
				ASSETCATALOG_COMPILER_GLOBAL_ACCENT_COLOR_NAME = AccentColor;
				CODE_SIGN_STYLE = Automatic;
				CURRENT_PROJECT_VERSION = 1;
				DEVELOPMENT_TEAM = Y88WDVRUP6;
				GENERATE_INFOPLIST_FILE = YES;
				INFOPLIST_FILE = "app-logist-code-test/Info.plist";
				INFOPLIST_KEY_UIApplicationSupportsIndirectInputEvents = YES;
				INFOPLIST_KEY_UILaunchStoryboardName = LaunchScreen;
				INFOPLIST_KEY_UIMainStoryboardFile = Main;
				INFOPLIST_KEY_UISupportedInterfaceOrientations_iPad = "UIInterfaceOrientationPortrait UIInterfaceOrientationPortraitUpsideDown UIInterfaceOrientationLandscapeLeft UIInterfaceOrientationLandscapeRight";
				INFOPLIST_KEY_UISupportedInterfaceOrientations_iPhone = "UIInterfaceOrientationPortrait UIInterfaceOrientationLandscapeLeft UIInterfaceOrientationLandscapeRight";
				LD_RUNPATH_SEARCH_PATHS = (
					"$(inherited)",
					"@executable_path/Frameworks",
				);
				MARKETING_VERSION = 1.0;
				PRODUCT_BUNDLE_IDENTIFIER = "com.eyc.app-logist-code-test";
				PRODUCT_NAME = "$(TARGET_NAME)";
				SWIFT_EMIT_LOC_STRINGS = YES;
				SWIFT_VERSION = 5.0;
				TARGETED_DEVICE_FAMILY = "1,2";
			};
			name = Release;
		};
/* End XCBuildConfiguration section */

/* Begin XCConfigurationList section */
		EA0FCE95294074D900C577F2 /* Build configuration list for PBXProject "app-logist-code-test" */ = {
			isa = XCConfigurationList;
			buildConfigurations = (
				EA0FCEAC294074DA00C577F2 /* Debug */,
				EA0FCEAD294074DA00C577F2 /* Release */,
			);
			defaultConfigurationIsVisible = 0;
			defaultConfigurationName = Release;
		};
		EA0FCEAE294074DA00C577F2 /* Build configuration list for PBXNativeTarget "app-logist-code-test" */ = {
			isa = XCConfigurationList;
			buildConfigurations = (
				EA0FCEAF294074DA00C577F2 /* Debug */,
				EA0FCEB0294074DA00C577F2 /* Release */,
			);
			defaultConfigurationIsVisible = 0;
			defaultConfigurationName = Release;
		};
/* End XCConfigurationList section */

/* Begin XCRemoteSwiftPackageReference section */
		EA0FCEB42940781000C577F2 /* XCRemoteSwiftPackageReference "Alamofire" */ = {
			isa = XCRemoteSwiftPackageReference;
			repositoryURL = "https://github.com/Alamofire/Alamofire.git";
			requirement = {
				branch = master;
				kind = branch;
			};
		};
		EA0FCEB72940783100C577F2 /* XCRemoteSwiftPackageReference "SwiftyJSON" */ = {
			isa = XCRemoteSwiftPackageReference;
			repositoryURL = "https://github.com/SwiftyJSON/SwiftyJSON.git";
			requirement = {
				branch = master;
				kind = branch;
			};
		};
/* End XCRemoteSwiftPackageReference section */

/* Begin XCSwiftPackageProductDependency section */
		EA0FCEB52940781000C577F2 /* Alamofire */ = {
			isa = XCSwiftPackageProductDependency;
			package = EA0FCEB42940781000C577F2 /* XCRemoteSwiftPackageReference "Alamofire" */;
			productName = Alamofire;
		};
		EA0FCEB82940783100C577F2 /* SwiftyJSON */ = {
			isa = XCSwiftPackageProductDependency;
			package = EA0FCEB72940783100C577F2 /* XCRemoteSwiftPackageReference "SwiftyJSON" */;
			productName = SwiftyJSON;
		};
/* End XCSwiftPackageProductDependency section */
	};
	rootObject = EA0FCE92294074D900C577F2 /* Project object */;
}
