// !$*UTF8*$!
{
	archiveVersion = 1;
	classes = {
	};
	objectVersion = 56;
	objects = {

/* Begin PBXBuildFile section */
		EA0FCE9E294074D900C577F2 /* AppDelegate.swift in Sources */ = {isa = PBXBuildFile; fileRef = EA0FCE9D294074D900C577F2 /* AppDelegate.swift */; };
		EA0FCEA7294074DA00C577F2 /* Assets.xcassets in Resources */ = {isa = PBXBuildFile; fileRef = EA0FCEA6294074DA00C577F2 /* Assets.xcassets */; };
		EA0FCEAA294074DA00C577F2 /* LaunchScreen.storyboard in Resources */ = {isa = PBXBuildFile; fileRef = EA0FCEA8294074DA00C577F2 /* LaunchScreen.storyboard */; };
		EA0FCEB3294077C200C577F2 /* NetworkManager.swift in Sources */ = {isa = PBXBuildFile; fileRef = EA0FCEB2294077C200C577F2 /* NetworkManager.swift */; };
		EA0FCEB62940781000C577F2 /* Alamofire in Frameworks */ = {isa = PBXBuildFile; productRef = EA0FCEB52940781000C577F2 /* Alamofire */; };
		EA0FCEB92940783100C577F2 /* SwiftyJSON in Frameworks */ = {isa = PBXBuildFile; productRef = EA0FCEB82940783100C577F2 /* SwiftyJSON */; };
		EA0FCEBD2940798F00C577F2 /* AppFlow.swift in Sources */ = {isa = PBXBuildFile; fileRef = EA0FCEBC2940798F00C577F2 /* AppFlow.swift */; };
		EA0FCEBF294079E200C577F2 /* FlowController.swift in Sources */ = {isa = PBXBuildFile; fileRef = EA0FCEBE294079E200C577F2 /* FlowController.swift */; };
		EA0FCEC1294079F800C577F2 /* Navigator.swift in Sources */ = {isa = PBXBuildFile; fileRef = EA0FCEC0294079F800C577F2 /* Navigator.swift */; };
		EA0FCEC329407A1A00C577F2 /* NavigatorFlowController.swift in Sources */ = {isa = PBXBuildFile; fileRef = EA0FCEC229407A1A00C577F2 /* NavigatorFlowController.swift */; };
		EA0FCEC629407A7800C577F2 /* DependencyFactory.swift in Sources */ = {isa = PBXBuildFile; fileRef = EA0FCEC529407A7800C577F2 /* DependencyFactory.swift */; };
		EA0FCEC929407AAB00C577F2 /* ViewControllerFactory.swift in Sources */ = {isa = PBXBuildFile; fileRef = EA0FCEC829407AAB00C577F2 /* ViewControllerFactory.swift */; };
		EA0FCECE29407D8B00C577F2 /* SplashViewController.swift in Sources */ = {isa = PBXBuildFile; fileRef = EA0FCECC29407D8B00C577F2 /* SplashViewController.swift */; };
		EA0FCECF29407D8B00C577F2 /* SplashViewController.xib in Resources */ = {isa = PBXBuildFile; fileRef = EA0FCECD29407D8B00C577F2 /* SplashViewController.xib */; };
		EA0FCED729407FD400C577F2 /* HomePresenter.swift in Sources */ = {isa = PBXBuildFile; fileRef = EA0FCED129407FD400C577F2 /* HomePresenter.swift */; };
		EA0FCED829407FD400C577F2 /* HomeRouter.swift in Sources */ = {isa = PBXBuildFile; fileRef = EA0FCED229407FD400C577F2 /* HomeRouter.swift */; };
		EA0FCED929407FD400C577F2 /* HomeModels.swift in Sources */ = {isa = PBXBuildFile; fileRef = EA0FCED329407FD400C577F2 /* HomeModels.swift */; };
		EA0FCEDA29407FD400C577F2 /* HomeViewController.swift in Sources */ = {isa = PBXBuildFile; fileRef = EA0FCED429407FD400C577F2 /* HomeViewController.swift */; };
		EA0FCEDB29407FD400C577F2 /* HomeInteractor.swift in Sources */ = {isa = PBXBuildFile; fileRef = EA0FCED529407FD400C577F2 /* HomeInteractor.swift */; };
		EA0FCEDC29407FD400C577F2 /* HomeView.xib in Resources */ = {isa = PBXBuildFile; fileRef = EA0FCED629407FD400C577F2 /* HomeView.xib */; };
		EA0FCEDE2940806800C577F2 /* HomeViewControllerFactory.swift in Sources */ = {isa = PBXBuildFile; fileRef = EA0FCEDD2940806800C577F2 /* HomeViewControllerFactory.swift */; };
		EA0FCEE02940810D00C577F2 /* HomeFlow.swift in Sources */ = {isa = PBXBuildFile; fileRef = EA0FCEDF2940810D00C577F2 /* HomeFlow.swift */; };
		EA0FCEE2294083CC00C577F2 /* main.swift in Sources */ = {isa = PBXBuildFile; fileRef = EA0FCEE1294083CC00C577F2 /* main.swift */; };
		EA0FCEE629408F9D00C577F2 /* GroceryCollectionViewCell.swift in Sources */ = {isa = PBXBuildFile; fileRef = EA0FCEE429408F9D00C577F2 /* GroceryCollectionViewCell.swift */; };
		EA0FCEE729408F9D00C577F2 /* GroceryCollectionViewCell.xib in Resources */ = {isa = PBXBuildFile; fileRef = EA0FCEE529408F9D00C577F2 /* GroceryCollectionViewCell.xib */; };
		EA0FCEED2940A6BD00C577F2 /* Constants.swift in Sources */ = {isa = PBXBuildFile; fileRef = EA0FCEEC2940A6BD00C577F2 /* Constants.swift */; };
		EA0FCEEF2940AC9800C577F2 /* UICollectionViewCell.swift in Sources */ = {isa = PBXBuildFile; fileRef = EA0FCEEE2940AC9800C577F2 /* UICollectionViewCell.swift */; };
		EA0FCEF22940B79A00C577F2 /* SDWebImage in Frameworks */ = {isa = PBXBuildFile; productRef = EA0FCEF12940B79A00C577F2 /* SDWebImage */; };
/* End PBXBuildFile section */

/* Begin PBXFileReference section */
		EA0FCE9A294074D900C577F2 /* app-logist-code-test.app */ = {isa = PBXFileReference; explicitFileType = wrapper.application; includeInIndex = 0; path = "app-logist-code-test.app"; sourceTree = BUILT_PRODUCTS_DIR; };
		EA0FCE9D294074D900C577F2 /* AppDelegate.swift */ = {isa = PBXFileReference; lastKnownFileType = sourcecode.swift; path = AppDelegate.swift; sourceTree = "<group>"; };
		EA0FCEA6294074DA00C577F2 /* Assets.xcassets */ = {isa = PBXFileReference; lastKnownFileType = folder.assetcatalog; path = Assets.xcassets; sourceTree = "<group>"; };
		EA0FCEA9294074DA00C577F2 /* Base */ = {isa = PBXFileReference; lastKnownFileType = file.storyboard; name = Base; path = Base.lproj/LaunchScreen.storyboard; sourceTree = "<group>"; };
		EA0FCEAB294074DA00C577F2 /* Info.plist */ = {isa = PBXFileReference; lastKnownFileType = text.plist.xml; path = Info.plist; sourceTree = "<group>"; };
		EA0FCEB2294077C200C577F2 /* NetworkManager.swift */ = {isa = PBXFileReference; lastKnownFileType = sourcecode.swift; path = NetworkManager.swift; sourceTree = "<group>"; };
		EA0FCEBC2940798F00C577F2 /* AppFlow.swift */ = {isa = PBXFileReference; lastKnownFileType = sourcecode.swift; path = AppFlow.swift; sourceTree = "<group>"; };
		EA0FCEBE294079E200C577F2 /* FlowController.swift */ = {isa = PBXFileReference; lastKnownFileType = sourcecode.swift; path = FlowController.swift; sourceTree = "<group>"; };
		EA0FCEC0294079F800C577F2 /* Navigator.swift */ = {isa = PBXFileReference; lastKnownFileType = sourcecode.swift; path = Navigator.swift; sourceTree = "<group>"; };
		EA0FCEC229407A1A00C577F2 /* NavigatorFlowController.swift */ = {isa = PBXFileReference; lastKnownFileType = sourcecode.swift; path = NavigatorFlowController.swift; sourceTree = "<group>"; };
		EA0FCEC529407A7800C577F2 /* DependencyFactory.swift */ = {isa = PBXFileReference; lastKnownFileType = sourcecode.swift; path = DependencyFactory.swift; sourceTree = "<group>"; };
		EA0FCEC829407AAB00C577F2 /* ViewControllerFactory.swift */ = {isa = PBXFileReference; lastKnownFileType = sourcecode.swift; path = ViewControllerFactory.swift; sourceTree = "<group>"; };
		EA0FCECC29407D8B00C577F2 /* SplashViewController.swift */ = {isa = PBXFileReference; lastKnownFileType = sourcecode.swift; path = SplashViewController.swift; sourceTree = "<group>"; };
		EA0FCECD29407D8B00C577F2 /* SplashViewController.xib */ = {isa = PBXFileReference; lastKnownFileType = file.xib; path = SplashViewController.xib; sourceTree = "<group>"; };
		EA0FCED129407FD400C577F2 /* HomePresenter.swift */ = {isa = PBXFileReference; lastKnownFileType = sourcecode.swift; path = HomePresenter.swift; sourceTree = "<group>"; };
		EA0FCED229407FD400C577F2 /* HomeRouter.swift */ = {isa = PBXFileReference; lastKnownFileType = sourcecode.swift; path = HomeRouter.swift; sourceTree = "<group>"; };
		EA0FCED329407FD400C577F2 /* HomeModels.swift */ = {isa = PBXFileReference; lastKnownFileType = sourcecode.swift; path = HomeModels.swift; sourceTree = "<group>"; };
		EA0FCED429407FD400C577F2 /* HomeViewController.swift */ = {isa = PBXFileReference; lastKnownFileType = sourcecode.swift; path = HomeViewController.swift; sourceTree = "<group>"; };
		EA0FCED529407FD400C577F2 /* HomeInteractor.swift */ = {isa = PBXFileReference; lastKnownFileType = sourcecode.swift; path = HomeInteractor.swift; sourceTree = "<group>"; };
		EA0FCED629407FD400C577F2 /* HomeView.xib */ = {isa = PBXFileReference; lastKnownFileType = file.xib; path = HomeView.xib; sourceTree = "<group>"; };
		EA0FCEDD2940806800C577F2 /* HomeViewControllerFactory.swift */ = {isa = PBXFileReference; lastKnownFileType = sourcecode.swift; path = HomeViewControllerFactory.swift; sourceTree = "<group>"; };
		EA0FCEDF2940810D00C577F2 /* HomeFlow.swift */ = {isa = PBXFileReference; lastKnownFileType = sourcecode.swift; path = HomeFlow.swift; sourceTree = "<group>"; };
		EA0FCEE1294083CC00C577F2 /* main.swift */ = {isa = PBXFileReference; lastKnownFileType = sourcecode.swift; path = main.swift; sourceTree = "<group>"; };
		EA0FCEE429408F9D00C577F2 /* GroceryCollectionViewCell.swift */ = {isa = PBXFileReference; lastKnownFileType = sourcecode.swift; path = GroceryCollectionViewCell.swift; sourceTree = "<group>"; };
		EA0FCEE529408F9D00C577F2 /* GroceryCollectionViewCell.xib */ = {isa = PBXFileReference; lastKnownFileType = file.xib; path = GroceryCollectionViewCell.xib; sourceTree = "<group>"; };
		EA0FCEEC2940A6BD00C577F2 /* Constants.swift */ = {isa = PBXFileReference; lastKnownFileType = sourcecode.swift; path = Constants.swift; sourceTree = "<group>"; };
		EA0FCEEE2940AC9800C577F2 /* UICollectionViewCell.swift */ = {isa = PBXFileReference; lastKnownFileType = sourcecode.swift; path = UICollectionViewCell.swift; sourceTree = "<group>"; };
/* End PBXFileReference section */

/* Begin PBXFrameworksBuildPhase section */
		EA0FCE97294074D900C577F2 /* Frameworks */ = {
			isa = PBXFrameworksBuildPhase;
			buildActionMask = 2147483647;
			files = (
				EA0FCEF22940B79A00C577F2 /* SDWebImage in Frameworks */,
				EA0FCEB92940783100C577F2 /* SwiftyJSON in Frameworks */,
				EA0FCEB62940781000C577F2 /* Alamofire in Frameworks */,
			);
			runOnlyForDeploymentPostprocessing = 0;
		};
/* End PBXFrameworksBuildPhase section */

/* Begin PBXGroup section */
		EA0FCE91294074D900C577F2 = {
			isa = PBXGroup;
			children = (
				EA0FCE9C294074D900C577F2 /* app-logist-code-test */,
				EA0FCE9B294074D900C577F2 /* Products */,
			);
			sourceTree = "<group>";
		};
		EA0FCE9B294074D900C577F2 /* Products */ = {
			isa = PBXGroup;
			children = (
				EA0FCE9A294074D900C577F2 /* app-logist-code-test.app */,
			);
			name = Products;
			sourceTree = "<group>";
		};
		EA0FCE9C294074D900C577F2 /* app-logist-code-test */ = {
			isa = PBXGroup;
			children = (
				EA0FCEEB2940A6AD00C577F2 /* Constants */,
				EA0FCEE82940999200C577F2 /* Extensions */,
				EA0FCEB1294077B400C577F2 /* Service */,
				EA0FCEC429407A5700C577F2 /* Factories */,
				EA0FCEBA2940797400C577F2 /* Flows */,
				EA0FCECA29407C7200C577F2 /* Scenes */,
				EA0FCE9D294074D900C577F2 /* AppDelegate.swift */,
				EA0FCEA6294074DA00C577F2 /* Assets.xcassets */,
				EA0FCEA8294074DA00C577F2 /* LaunchScreen.storyboard */,
				EA0FCEAB294074DA00C577F2 /* Info.plist */,
				EA0FCEE1294083CC00C577F2 /* main.swift */,
			);
			path = "app-logist-code-test";
			sourceTree = "<group>";
		};
		EA0FCEB1294077B400C577F2 /* Service */ = {
			isa = PBXGroup;
			children = (
				EA0FCEB2294077C200C577F2 /* NetworkManager.swift */,
			);
			path = Service;
			sourceTree = "<group>";
		};
		EA0FCEBA2940797400C577F2 /* Flows */ = {
			isa = PBXGroup;
			children = (
				EA0FCEBB2940798100C577F2 /* Base */,
				EA0FCEBC2940798F00C577F2 /* AppFlow.swift */,
				EA0FCEDF2940810D00C577F2 /* HomeFlow.swift */,
			);
			path = Flows;
			sourceTree = "<group>";
		};
		EA0FCEBB2940798100C577F2 /* Base */ = {
			isa = PBXGroup;
			children = (
				EA0FCEBE294079E200C577F2 /* FlowController.swift */,
				EA0FCEC0294079F800C577F2 /* Navigator.swift */,
				EA0FCEC229407A1A00C577F2 /* NavigatorFlowController.swift */,
			);
			path = Base;
			sourceTree = "<group>";
		};
		EA0FCEC429407A5700C577F2 /* Factories */ = {
			isa = PBXGroup;
			children = (
				EA0FCEC729407A9000C577F2 /* ViewControllerFactories */,
				EA0FCEC529407A7800C577F2 /* DependencyFactory.swift */,
			);
			path = Factories;
			sourceTree = "<group>";
		};
		EA0FCEC729407A9000C577F2 /* ViewControllerFactories */ = {
			isa = PBXGroup;
			children = (
				EA0FCEC829407AAB00C577F2 /* ViewControllerFactory.swift */,
				EA0FCEDD2940806800C577F2 /* HomeViewControllerFactory.swift */,
			);
			path = ViewControllerFactories;
			sourceTree = "<group>";
		};
		EA0FCECA29407C7200C577F2 /* Scenes */ = {
			isa = PBXGroup;
			children = (
				EA0FCECB29407C7A00C577F2 /* Splash */,
				EA0FCED029407FAE00C577F2 /* Home */,
			);
			path = Scenes;
			sourceTree = "<group>";
		};
		EA0FCECB29407C7A00C577F2 /* Splash */ = {
			isa = PBXGroup;
			children = (
				EA0FCECC29407D8B00C577F2 /* SplashViewController.swift */,
				EA0FCECD29407D8B00C577F2 /* SplashViewController.xib */,
			);
			path = Splash;
			sourceTree = "<group>";
		};
		EA0FCED029407FAE00C577F2 /* Home */ = {
			isa = PBXGroup;
			children = (
				EA0FCEE329408F7800C577F2 /* Cells */,
				EA0FCED129407FD400C577F2 /* HomePresenter.swift */,
				EA0FCED229407FD400C577F2 /* HomeRouter.swift */,
				EA0FCED329407FD400C577F2 /* HomeModels.swift */,
				EA0FCED429407FD400C577F2 /* HomeViewController.swift */,
				EA0FCED529407FD400C577F2 /* HomeInteractor.swift */,
				EA0FCED629407FD400C577F2 /* HomeView.xib */,
			);
			path = Home;
			sourceTree = "<group>";
		};
		EA0FCEE329408F7800C577F2 /* Cells */ = {
			isa = PBXGroup;
			children = (
				EA0FCEE429408F9D00C577F2 /* GroceryCollectionViewCell.swift */,
				EA0FCEE529408F9D00C577F2 /* GroceryCollectionViewCell.xib */,
			);
			path = Cells;
			sourceTree = "<group>";
		};
		EA0FCEE82940999200C577F2 /* Extensions */ = {
			isa = PBXGroup;
			children = (
				EA0FCEEE2940AC9800C577F2 /* UICollectionViewCell.swift */,
			);
			path = Extensions;
			sourceTree = "<group>";
		};
		EA0FCEEB2940A6AD00C577F2 /* Constants */ = {
			isa = PBXGroup;
			children = (
				EA0FCEEC2940A6BD00C577F2 /* Constants.swift */,
			);
			path = Constants;
			sourceTree = "<group>";
		};
/* End PBXGroup section */

/* Begin PBXNativeTarget section */
		EA0FCE99294074D900C577F2 /* app-logist-code-test */ = {
			isa = PBXNativeTarget;
			buildConfigurationList = EA0FCEAE294074DA00C577F2 /* Build configuration list for PBXNativeTarget "app-logist-code-test" */;
			buildPhases = (
				EA0FCE96294074D900C577F2 /* Sources */,
				EA0FCE97294074D900C577F2 /* Frameworks */,
				EA0FCE98294074D900C577F2 /* Resources */,
			);
			buildRules = (
			);
			dependencies = (
			);
			name = "app-logist-code-test";
			packageProductDependencies = (
				EA0FCEB52940781000C577F2 /* Alamofire */,
				EA0FCEB82940783100C577F2 /* SwiftyJSON */,
				EA0FCEF12940B79A00C577F2 /* SDWebImage */,
			);
			productName = "app-logist-code-test";
			productReference = EA0FCE9A294074D900C577F2 /* app-logist-code-test.app */;
			productType = "com.apple.product-type.application";
		};
/* End PBXNativeTarget section */

/* Begin PBXProject section */
		EA0FCE92294074D900C577F2 /* Project object */ = {
			isa = PBXProject;
			attributes = {
				BuildIndependentTargetsInParallel = 1;
				LastSwiftUpdateCheck = 1410;
				LastUpgradeCheck = 1410;
				TargetAttributes = {
					EA0FCE99294074D900C577F2 = {
						CreatedOnToolsVersion = 14.1;
					};
				};
			};
			buildConfigurationList = EA0FCE95294074D900C577F2 /* Build configuration list for PBXProject "app-logist-code-test" */;
			compatibilityVersion = "Xcode 14.0";
			developmentRegion = en;
			hasScannedForEncodings = 0;
			knownRegions = (
				en,
				Base,
			);
			mainGroup = EA0FCE91294074D900C577F2;
			packageReferences = (
				EA0FCEB42940781000C577F2 /* XCRemoteSwiftPackageReference "Alamofire" */,
				EA0FCEB72940783100C577F2 /* XCRemoteSwiftPackageReference "SwiftyJSON" */,
				EA0FCEF02940B79A00C577F2 /* XCRemoteSwiftPackageReference "SDWebImage" */,
			);
			productRefGroup = EA0FCE9B294074D900C577F2 /* Products */;
			projectDirPath = "";
			projectRoot = "";
			targets = (
				EA0FCE99294074D900C577F2 /* app-logist-code-test */,
			);
		};
/* End PBXProject section */

/* Begin PBXResourcesBuildPhase section */
		EA0FCE98294074D900C577F2 /* Resources */ = {
			isa = PBXResourcesBuildPhase;
			buildActionMask = 2147483647;
			files = (
				EA0FCEAA294074DA00C577F2 /* LaunchScreen.storyboard in Resources */,
				EA0FCEA7294074DA00C577F2 /* Assets.xcassets in Resources */,
				EA0FCECF29407D8B00C577F2 /* SplashViewController.xib in Resources */,
				EA0FCEE729408F9D00C577F2 /* GroceryCollectionViewCell.xib in Resources */,
				EA0FCEDC29407FD400C577F2 /* HomeView.xib in Resources */,
			);
			runOnlyForDeploymentPostprocessing = 0;
		};
/* End PBXResourcesBuildPhase section */

/* Begin PBXSourcesBuildPhase section */
		EA0FCE96294074D900C577F2 /* Sources */ = {
			isa = PBXSourcesBuildPhase;
			buildActionMask = 2147483647;
			files = (
				EA0FCEC1294079F800C577F2 /* Navigator.swift in Sources */,
				EA0FCEC929407AAB00C577F2 /* ViewControllerFactory.swift in Sources */,
				EA0FCEE2294083CC00C577F2 /* main.swift in Sources */,
				EA0FCEB3294077C200C577F2 /* NetworkManager.swift in Sources */,
				EA0FCEDB29407FD400C577F2 /* HomeInteractor.swift in Sources */,
				EA0FCEE02940810D00C577F2 /* HomeFlow.swift in Sources */,
				EA0FCED729407FD400C577F2 /* HomePresenter.swift in Sources */,
				EA0FCEDA29407FD400C577F2 /* HomeViewController.swift in Sources */,
				EA0FCEE629408F9D00C577F2 /* GroceryCollectionViewCell.swift in Sources */,
				EA0FCEEF2940AC9800C577F2 /* UICollectionViewCell.swift in Sources */,
				EA0FCE9E294074D900C577F2 /* AppDelegate.swift in Sources */,
				EA0FCEDE2940806800C577F2 /* HomeViewControllerFactory.swift in Sources */,
				EA0FCED929407FD400C577F2 /* HomeModels.swift in Sources */,
				EA0FCED829407FD400C577F2 /* HomeRouter.swift in Sources */,
				EA0FCEC629407A7800C577F2 /* DependencyFactory.swift in Sources */,
				EA0FCEBD2940798F00C577F2 /* AppFlow.swift in Sources */,
				EA0FCEED2940A6BD00C577F2 /* Constants.swift in Sources */,
				EA0FCEBF294079E200C577F2 /* FlowController.swift in Sources */,
				EA0FCEC329407A1A00C577F2 /* NavigatorFlowController.swift in Sources */,
				EA0FCECE29407D8B00C577F2 /* SplashViewController.swift in Sources */,
			);
			runOnlyForDeploymentPostprocessing = 0;
		};
/* End PBXSourcesBuildPhase section */

/* Begin PBXVariantGroup section */
		EA0FCEA8294074DA00C577F2 /* LaunchScreen.storyboard */ = {
			isa = PBXVariantGroup;
			children = (
				EA0FCEA9294074DA00C577F2 /* Base */,
			);
			name = LaunchScreen.storyboard;
			sourceTree = "<group>";
		};
/* End PBXVariantGroup section */

/* Begin XCBuildConfiguration section */
		EA0FCEAC294074DA00C577F2 /* Debug */ = {
			isa = XCBuildConfiguration;
			buildSettings = {
				ALWAYS_SEARCH_USER_PATHS = NO;
				CLANG_ANALYZER_NONNULL = YES;
				CLANG_ANALYZER_NUMBER_OBJECT_CONVERSION = YES_AGGRESSIVE;
				CLANG_CXX_LANGUAGE_STANDARD = "gnu++20";
				CLANG_ENABLE_MODULES = YES;
				CLANG_ENABLE_OBJC_ARC = YES;
				CLANG_ENABLE_OBJC_WEAK = YES;
				CLANG_WARN_BLOCK_CAPTURE_AUTORELEASING = YES;
				CLANG_WARN_BOOL_CONVERSION = YES;
				CLANG_WARN_COMMA = YES;
				CLANG_WARN_CONSTANT_CONVERSION = YES;
				CLANG_WARN_DEPRECATED_OBJC_IMPLEMENTATIONS = YES;
				CLANG_WARN_DIRECT_OBJC_ISA_USAGE = YES_ERROR;
				CLANG_WARN_DOCUMENTATION_COMMENTS = YES;
				CLANG_WARN_EMPTY_BODY = YES;
				CLANG_WARN_ENUM_CONVERSION = YES;
				CLANG_WARN_INFINITE_RECURSION = YES;
				CLANG_WARN_INT_CONVERSION = YES;
				CLANG_WARN_NON_LITERAL_NULL_CONVERSION = YES;
				CLANG_WARN_OBJC_IMPLICIT_RETAIN_SELF = YES;
				CLANG_WARN_OBJC_LITERAL_CONVERSION = YES;
				CLANG_WARN_OBJC_ROOT_CLASS = YES_ERROR;
				CLANG_WARN_QUOTED_INCLUDE_IN_FRAMEWORK_HEADER = YES;
				CLANG_WARN_RANGE_LOOP_ANALYSIS = YES;
				CLANG_WARN_STRICT_PROTOTYPES = YES;
				CLANG_WARN_SUSPICIOUS_MOVE = YES;
				CLANG_WARN_UNGUARDED_AVAILABILITY = YES_AGGRESSIVE;
				CLANG_WARN_UNREACHABLE_CODE = YES;
				CLANG_WARN__DUPLICATE_METHOD_MATCH = YES;
				COPY_PHASE_STRIP = NO;
				DEBUG_INFORMATION_FORMAT = dwarf;
				ENABLE_STRICT_OBJC_MSGSEND = YES;
				ENABLE_TESTABILITY = YES;
				GCC_C_LANGUAGE_STANDARD = gnu11;
				GCC_DYNAMIC_NO_PIC = NO;
				GCC_NO_COMMON_BLOCKS = YES;
				GCC_OPTIMIZATION_LEVEL = 0;
				GCC_PREPROCESSOR_DEFINITIONS = (
					"DEBUG=1",
					"$(inherited)",
				);
				GCC_WARN_64_TO_32_BIT_CONVERSION = YES;
				GCC_WARN_ABOUT_RETURN_TYPE = YES_ERROR;
				GCC_WARN_UNDECLARED_SELECTOR = YES;
				GCC_WARN_UNINITIALIZED_AUTOS = YES_AGGRESSIVE;
				GCC_WARN_UNUSED_FUNCTION = YES;
				GCC_WARN_UNUSED_VARIABLE = YES;
				IPHONEOS_DEPLOYMENT_TARGET = 16.1;
				MTL_ENABLE_DEBUG_INFO = INCLUDE_SOURCE;
				MTL_FAST_MATH = YES;
				ONLY_ACTIVE_ARCH = YES;
				SDKROOT = iphoneos;
				SWIFT_ACTIVE_COMPILATION_CONDITIONS = DEBUG;
				SWIFT_OPTIMIZATION_LEVEL = "-Onone";
			};
			name = Debug;
		};
		EA0FCEAD294074DA00C577F2 /* Release */ = {
			isa = XCBuildConfiguration;
			buildSettings = {
				ALWAYS_SEARCH_USER_PATHS = NO;
				CLANG_ANALYZER_NONNULL = YES;
				CLANG_ANALYZER_NUMBER_OBJECT_CONVERSION = YES_AGGRESSIVE;
				CLANG_CXX_LANGUAGE_STANDARD = "gnu++20";
				CLANG_ENABLE_MODULES = YES;
				CLANG_ENABLE_OBJC_ARC = YES;
				CLANG_ENABLE_OBJC_WEAK = YES;
				CLANG_WARN_BLOCK_CAPTURE_AUTORELEASING = YES;
				CLANG_WARN_BOOL_CONVERSION = YES;
				CLANG_WARN_COMMA = YES;
				CLANG_WARN_CONSTANT_CONVERSION = YES;
				CLANG_WARN_DEPRECATED_OBJC_IMPLEMENTATIONS = YES;
				CLANG_WARN_DIRECT_OBJC_ISA_USAGE = YES_ERROR;
				CLANG_WARN_DOCUMENTATION_COMMENTS = YES;
				CLANG_WARN_EMPTY_BODY = YES;
				CLANG_WARN_ENUM_CONVERSION = YES;
				CLANG_WARN_INFINITE_RECURSION = YES;
				CLANG_WARN_INT_CONVERSION = YES;
				CLANG_WARN_NON_LITERAL_NULL_CONVERSION = YES;
				CLANG_WARN_OBJC_IMPLICIT_RETAIN_SELF = YES;
				CLANG_WARN_OBJC_LITERAL_CONVERSION = YES;
				CLANG_WARN_OBJC_ROOT_CLASS = YES_ERROR;
				CLANG_WARN_QUOTED_INCLUDE_IN_FRAMEWORK_HEADER = YES;
				CLANG_WARN_RANGE_LOOP_ANALYSIS = YES;
				CLANG_WARN_STRICT_PROTOTYPES = YES;
				CLANG_WARN_SUSPICIOUS_MOVE = YES;
				CLANG_WARN_UNGUARDED_AVAILABILITY = YES_AGGRESSIVE;
				CLANG_WARN_UNREACHABLE_CODE = YES;
				CLANG_WARN__DUPLICATE_METHOD_MATCH = YES;
				COPY_PHASE_STRIP = NO;
				DEBUG_INFORMATION_FORMAT = "dwarf-with-dsym";
				ENABLE_NS_ASSERTIONS = NO;
				ENABLE_STRICT_OBJC_MSGSEND = YES;
				GCC_C_LANGUAGE_STANDARD = gnu11;
				GCC_NO_COMMON_BLOCKS = YES;
				GCC_WARN_64_TO_32_BIT_CONVERSION = YES;
				GCC_WARN_ABOUT_RETURN_TYPE = YES_ERROR;
				GCC_WARN_UNDECLARED_SELECTOR = YES;
				GCC_WARN_UNINITIALIZED_AUTOS = YES_AGGRESSIVE;
				GCC_WARN_UNUSED_FUNCTION = YES;
				GCC_WARN_UNUSED_VARIABLE = YES;
				IPHONEOS_DEPLOYMENT_TARGET = 16.1;
				MTL_ENABLE_DEBUG_INFO = NO;
				MTL_FAST_MATH = YES;
				SDKROOT = iphoneos;
				SWIFT_COMPILATION_MODE = wholemodule;
				SWIFT_OPTIMIZATION_LEVEL = "-O";
				VALIDATE_PRODUCT = YES;
			};
			name = Release;
		};
		EA0FCEAF294074DA00C577F2 /* Debug */ = {
			isa = XCBuildConfiguration;
			buildSettings = {
				ASSETCATALOG_COMPILER_APPICON_NAME = AppIcon;
				ASSETCATALOG_COMPILER_GLOBAL_ACCENT_COLOR_NAME = AccentColor;
				CODE_SIGN_STYLE = Automatic;
				CURRENT_PROJECT_VERSION = 1;
				DEVELOPMENT_TEAM = Y88WDVRUP6;
				GENERATE_INFOPLIST_FILE = YES;
				INFOPLIST_FILE = "app-logist-code-test/Info.plist";
				INFOPLIST_KEY_UIApplicationSupportsIndirectInputEvents = YES;
				INFOPLIST_KEY_UILaunchStoryboardName = LaunchScreen;
				INFOPLIST_KEY_UIMainStoryboardFile = "";
				INFOPLIST_KEY_UISupportedInterfaceOrientations_iPad = "UIInterfaceOrientationPortrait UIInterfaceOrientationPortraitUpsideDown UIInterfaceOrientationLandscapeLeft UIInterfaceOrientationLandscapeRight";
				INFOPLIST_KEY_UISupportedInterfaceOrientations_iPhone = "UIInterfaceOrientationPortrait UIInterfaceOrientationLandscapeLeft UIInterfaceOrientationLandscapeRight";
				LD_RUNPATH_SEARCH_PATHS = (
					"$(inherited)",
					"@executable_path/Frameworks",
				);
				MARKETING_VERSION = 1.0;
				PRODUCT_BUNDLE_IDENTIFIER = "com.eyc.app-logist-code-test";
				PRODUCT_NAME = "$(TARGET_NAME)";
				SWIFT_EMIT_LOC_STRINGS = YES;
				SWIFT_VERSION = 5.0;
				TARGETED_DEVICE_FAMILY = "1,2";
			};
			name = Debug;
		};
		EA0FCEB0294074DA00C577F2 /* Release */ = {
			isa = XCBuildConfiguration;
			buildSettings = {
				ASSETCATALOG_COMPILER_APPICON_NAME = AppIcon;
				ASSETCATALOG_COMPILER_GLOBAL_ACCENT_COLOR_NAME = AccentColor;
				CODE_SIGN_STYLE = Automatic;
				CURRENT_PROJECT_VERSION = 1;
				DEVELOPMENT_TEAM = Y88WDVRUP6;
				GENERATE_INFOPLIST_FILE = YES;
				INFOPLIST_FILE = "app-logist-code-test/Info.plist";
				INFOPLIST_KEY_UIApplicationSupportsIndirectInputEvents = YES;
				INFOPLIST_KEY_UILaunchStoryboardName = LaunchScreen;
				INFOPLIST_KEY_UIMainStoryboardFile = "";
				INFOPLIST_KEY_UISupportedInterfaceOrientations_iPad = "UIInterfaceOrientationPortrait UIInterfaceOrientationPortraitUpsideDown UIInterfaceOrientationLandscapeLeft UIInterfaceOrientationLandscapeRight";
				INFOPLIST_KEY_UISupportedInterfaceOrientations_iPhone = "UIInterfaceOrientationPortrait UIInterfaceOrientationLandscapeLeft UIInterfaceOrientationLandscapeRight";
				LD_RUNPATH_SEARCH_PATHS = (
					"$(inherited)",
					"@executable_path/Frameworks",
				);
				MARKETING_VERSION = 1.0;
				PRODUCT_BUNDLE_IDENTIFIER = "com.eyc.app-logist-code-test";
				PRODUCT_NAME = "$(TARGET_NAME)";
				SWIFT_EMIT_LOC_STRINGS = YES;
				SWIFT_VERSION = 5.0;
				TARGETED_DEVICE_FAMILY = "1,2";
			};
			name = Release;
		};
/* End XCBuildConfiguration section */

/* Begin XCConfigurationList section */
		EA0FCE95294074D900C577F2 /* Build configuration list for PBXProject "app-logist-code-test" */ = {
			isa = XCConfigurationList;
			buildConfigurations = (
				EA0FCEAC294074DA00C577F2 /* Debug */,
				EA0FCEAD294074DA00C577F2 /* Release */,
			);
			defaultConfigurationIsVisible = 0;
			defaultConfigurationName = Release;
		};
		EA0FCEAE294074DA00C577F2 /* Build configuration list for PBXNativeTarget "app-logist-code-test" */ = {
			isa = XCConfigurationList;
			buildConfigurations = (
				EA0FCEAF294074DA00C577F2 /* Debug */,
				EA0FCEB0294074DA00C577F2 /* Release */,
			);
			defaultConfigurationIsVisible = 0;
			defaultConfigurationName = Release;
		};
/* End XCConfigurationList section */

/* Begin XCRemoteSwiftPackageReference section */
		EA0FCEB42940781000C577F2 /* XCRemoteSwiftPackageReference "Alamofire" */ = {
			isa = XCRemoteSwiftPackageReference;
			repositoryURL = "https://github.com/Alamofire/Alamofire.git";
			requirement = {
				branch = master;
				kind = branch;
			};
		};
		EA0FCEB72940783100C577F2 /* XCRemoteSwiftPackageReference "SwiftyJSON" */ = {
			isa = XCRemoteSwiftPackageReference;
			repositoryURL = "https://github.com/SwiftyJSON/SwiftyJSON.git";
			requirement = {
				branch = master;
				kind = branch;
			};
		};
		EA0FCEF02940B79A00C577F2 /* XCRemoteSwiftPackageReference "SDWebImage" */ = {
			isa = XCRemoteSwiftPackageReference;
			repositoryURL = "https://github.com/SDWebImage/SDWebImage.git";
			requirement = {
				kind = upToNextMajorVersion;
				minimumVersion = 5.0.0;
			};
		};
/* End XCRemoteSwiftPackageReference section */

/* Begin XCSwiftPackageProductDependency section */
		EA0FCEB52940781000C577F2 /* Alamofire */ = {
			isa = XCSwiftPackageProductDependency;
			package = EA0FCEB42940781000C577F2 /* XCRemoteSwiftPackageReference "Alamofire" */;
			productName = Alamofire;
		};
		EA0FCEB82940783100C577F2 /* SwiftyJSON */ = {
			isa = XCSwiftPackageProductDependency;
			package = EA0FCEB72940783100C577F2 /* XCRemoteSwiftPackageReference "SwiftyJSON" */;
			productName = SwiftyJSON;
		};
		EA0FCEF12940B79A00C577F2 /* SDWebImage */ = {
			isa = XCSwiftPackageProductDependency;
			package = EA0FCEF02940B79A00C577F2 /* XCRemoteSwiftPackageReference "SDWebImage" */;
			productName = SDWebImage;
		};
/* End XCSwiftPackageProductDependency section */
	};
	rootObject = EA0FCE92294074D900C577F2 /* Project object */;
}
